
Microsoft Visual Studio Solution File, Format Version 12.00
# Visual Studio Version 17
VisualStudioVersion = 17.3.32825.248
MinimumVisualStudioVersion = 10.0.40219.1
Project("{FAE04EC0-301F-11D3-BF4B-00C04F79EFBC}") = "agoravai", "agoravai.csproj", "{B548917C-1692-4668-A20F-AAB0A8E878C7}"
EndProject
Global
	GlobalSection(SolutionConfigurationPlatforms) = preSolution
		Debug|Any CPU = Debug|Any CPU
		Release|Any CPU = Release|Any CPU
	EndGlobalSection
	GlobalSection(ProjectConfigurationPlatforms) = postSolution
		{B548917C-1692-4668-A20F-AAB0A8E878C7}.Debug|Any CPU.ActiveCfg = Debug|Any CPU
		{B548917C-1692-4668-A20F-AAB0A8E878C7}.Debug|Any CPU.Build.0 = Debug|Any CPU
		{B548917C-1692-4668-A20F-AAB0A8E878C7}.Release|Any CPU.ActiveCfg = Release|Any CPU
		{B548917C-1692-4668-A20F-AAB0A8E878C7}.Release|Any CPU.Build.0 = Release|Any CPU
	EndGlobalSection
	GlobalSection(SolutionProperties) = preSolution
		HideSolutionNode = FALSE
	EndGlobalSection
	GlobalSection(ExtensibilityGlobals) = postSolution
		SolutionGuid = {0E07F090-EBAD-47B2-88BA-FB43E8681740}
	EndGlobalSection
EndGlobal
